// !$*UTF8*$!
{
	archiveVersion = 1;
	classes = {
	};
	objectVersion = 55;
	objects = {

/* Begin PBXBuildFile section */
		A40B0D0D278E8966003B4FBE /* othello_game_mgmt.swift in Sources */ = {isa = PBXBuildFile; fileRef = A40B0D0C278E8966003B4FBE /* othello_game_mgmt.swift */; };
		A40B0D0E278E8966003B4FBE /* othello_game_mgmt.swift in Sources */ = {isa = PBXBuildFile; fileRef = A40B0D0C278E8966003B4FBE /* othello_game_mgmt.swift */; };
		A40B0D13278F8CD9003B4FBE /* ai_agent.swift in Sources */ = {isa = PBXBuildFile; fileRef = A40B0D12278F8CD9003B4FBE /* ai_agent.swift */; };
		A40B0D14278F8CD9003B4FBE /* ai_agent.swift in Sources */ = {isa = PBXBuildFile; fileRef = A40B0D12278F8CD9003B4FBE /* ai_agent.swift */; };
		A4B154F22790DCE40033A614 /* delegate.swift in Sources */ = {isa = PBXBuildFile; fileRef = A4B154F02790DCDF0033A614 /* delegate.swift */; };
		A4B154F52790FE8F0033A614 /* othello_app.swift in Sources */ = {isa = PBXBuildFile; fileRef = A4B154F42790FE8F0033A614 /* othello_app.swift */; };
		A4B154F92791487D0033A614 /* randy_agent.swift in Sources */ = {isa = PBXBuildFile; fileRef = A4B154F82791487D0033A614 /* randy_agent.swift */; };
		A4B154FA279149000033A614 /* randy_agent.swift in Sources */ = {isa = PBXBuildFile; fileRef = A4B154F82791487D0033A614 /* randy_agent.swift */; };
		A4B154FC279149620033A614 /* minimax_agent.swift in Sources */ = {isa = PBXBuildFile; fileRef = A4B154FB279149620033A614 /* minimax_agent.swift */; };
		A4B154FD27914A110033A614 /* minimax_agent.swift in Sources */ = {isa = PBXBuildFile; fileRef = A4B154FB279149620033A614 /* minimax_agent.swift */; };
		A4DC985A278E18BC00F21DB8 /* Tests_iOS.swift in Sources */ = {isa = PBXBuildFile; fileRef = A4DC9859278E18BC00F21DB8 /* Tests_iOS.swift */; };
		A4DC985C278E18BC00F21DB8 /* Tests_iOSLaunchTests.swift in Sources */ = {isa = PBXBuildFile; fileRef = A4DC985B278E18BC00F21DB8 /* Tests_iOSLaunchTests.swift */; };
		A4DC9866278E18BC00F21DB8 /* Tests_macOS.swift in Sources */ = {isa = PBXBuildFile; fileRef = A4DC9865278E18BC00F21DB8 /* Tests_macOS.swift */; };
		A4DC9868278E18BC00F21DB8 /* Tests_macOSLaunchTests.swift in Sources */ = {isa = PBXBuildFile; fileRef = A4DC9867278E18BC00F21DB8 /* Tests_macOSLaunchTests.swift */; };
		A4DC986A278E18BC00F21DB8 /* othello_app.swift in Sources */ = {isa = PBXBuildFile; fileRef = A4DC9841278E18B900F21DB8 /* othello_app.swift */; };
		A4DC986B278E18BC00F21DB8 /* othello_view.swift in Sources */ = {isa = PBXBuildFile; fileRef = A4DC9842278E18B900F21DB8 /* othello_view.swift */; };
		A4DC986C278E18BC00F21DB8 /* othello_view.swift in Sources */ = {isa = PBXBuildFile; fileRef = A4DC9842278E18B900F21DB8 /* othello_view.swift */; };
		A4DC986D278E18BC00F21DB8 /* Assets.xcassets in Resources */ = {isa = PBXBuildFile; fileRef = A4DC9843278E18BC00F21DB8 /* Assets.xcassets */; };
		A4DC986E278E18BC00F21DB8 /* Assets.xcassets in Resources */ = {isa = PBXBuildFile; fileRef = A4DC9843278E18BC00F21DB8 /* Assets.xcassets */; };
/* End PBXBuildFile section */

/* Begin PBXContainerItemProxy section */
		A4DC9856278E18BC00F21DB8 /* PBXContainerItemProxy */ = {
			isa = PBXContainerItemProxy;
			containerPortal = A4DC983C278E18B900F21DB8 /* Project object */;
			proxyType = 1;
			remoteGlobalIDString = A4DC9847278E18BC00F21DB8;
			remoteInfo = "othello (iOS)";
		};
		A4DC9862278E18BC00F21DB8 /* PBXContainerItemProxy */ = {
			isa = PBXContainerItemProxy;
			containerPortal = A4DC983C278E18B900F21DB8 /* Project object */;
			proxyType = 1;
			remoteGlobalIDString = A4DC984D278E18BC00F21DB8;
			remoteInfo = "othello (macOS)";
		};
/* End PBXContainerItemProxy section */

/* Begin PBXFileReference section */
		A40B0D0C278E8966003B4FBE /* othello_game_mgmt.swift */ = {isa = PBXFileReference; lastKnownFileType = sourcecode.swift; path = othello_game_mgmt.swift; sourceTree = "<group>"; };
		A40B0D12278F8CD9003B4FBE /* ai_agent.swift */ = {isa = PBXFileReference; lastKnownFileType = sourcecode.swift; path = ai_agent.swift; sourceTree = "<group>"; };
		A4B154F02790DCDF0033A614 /* delegate.swift */ = {isa = PBXFileReference; lastKnownFileType = sourcecode.swift; path = delegate.swift; sourceTree = "<group>"; };
		A4B154F42790FE8F0033A614 /* othello_app.swift */ = {isa = PBXFileReference; lastKnownFileType = sourcecode.swift; path = othello_app.swift; sourceTree = "<group>"; };
		A4B154F82791487D0033A614 /* randy_agent.swift */ = {isa = PBXFileReference; lastKnownFileType = sourcecode.swift; path = randy_agent.swift; sourceTree = "<group>"; };
		A4B154FB279149620033A614 /* minimax_agent.swift */ = {isa = PBXFileReference; lastKnownFileType = sourcecode.swift; path = minimax_agent.swift; sourceTree = "<group>"; };
		A4DC9841278E18B900F21DB8 /* othello_app.swift */ = {isa = PBXFileReference; lastKnownFileType = sourcecode.swift; path = othello_app.swift; sourceTree = "<group>"; };
		A4DC9842278E18B900F21DB8 /* othello_view.swift */ = {isa = PBXFileReference; lastKnownFileType = sourcecode.swift; path = othello_view.swift; sourceTree = "<group>"; };
		A4DC9843278E18BC00F21DB8 /* Assets.xcassets */ = {isa = PBXFileReference; lastKnownFileType = folder.assetcatalog; path = Assets.xcassets; sourceTree = "<group>"; };
		A4DC9848278E18BC00F21DB8 /* othello.app */ = {isa = PBXFileReference; explicitFileType = wrapper.application; includeInIndex = 0; path = othello.app; sourceTree = BUILT_PRODUCTS_DIR; };
		A4DC984E278E18BC00F21DB8 /* othello.app */ = {isa = PBXFileReference; explicitFileType = wrapper.application; includeInIndex = 0; path = othello.app; sourceTree = BUILT_PRODUCTS_DIR; };
		A4DC9850278E18BC00F21DB8 /* macOS.entitlements */ = {isa = PBXFileReference; lastKnownFileType = text.plist.entitlements; path = macOS.entitlements; sourceTree = "<group>"; };
		A4DC9855278E18BC00F21DB8 /* Tests iOS.xctest */ = {isa = PBXFileReference; explicitFileType = wrapper.cfbundle; includeInIndex = 0; path = "Tests iOS.xctest"; sourceTree = BUILT_PRODUCTS_DIR; };
		A4DC9859278E18BC00F21DB8 /* Tests_iOS.swift */ = {isa = PBXFileReference; lastKnownFileType = sourcecode.swift; path = Tests_iOS.swift; sourceTree = "<group>"; };
		A4DC985B278E18BC00F21DB8 /* Tests_iOSLaunchTests.swift */ = {isa = PBXFileReference; lastKnownFileType = sourcecode.swift; path = Tests_iOSLaunchTests.swift; sourceTree = "<group>"; };
		A4DC9861278E18BC00F21DB8 /* Tests macOS.xctest */ = {isa = PBXFileReference; explicitFileType = wrapper.cfbundle; includeInIndex = 0; path = "Tests macOS.xctest"; sourceTree = BUILT_PRODUCTS_DIR; };
		A4DC9865278E18BC00F21DB8 /* Tests_macOS.swift */ = {isa = PBXFileReference; lastKnownFileType = sourcecode.swift; path = Tests_macOS.swift; sourceTree = "<group>"; };
		A4DC9867278E18BC00F21DB8 /* Tests_macOSLaunchTests.swift */ = {isa = PBXFileReference; lastKnownFileType = sourcecode.swift; path = Tests_macOSLaunchTests.swift; sourceTree = "<group>"; };
/* End PBXFileReference section */

/* Begin PBXFrameworksBuildPhase section */
		A4DC9845278E18BC00F21DB8 /* Frameworks */ = {
			isa = PBXFrameworksBuildPhase;
			buildActionMask = 2147483647;
			files = (
			);
			runOnlyForDeploymentPostprocessing = 0;
		};
		A4DC984B278E18BC00F21DB8 /* Frameworks */ = {
			isa = PBXFrameworksBuildPhase;
			buildActionMask = 2147483647;
			files = (
			);
			runOnlyForDeploymentPostprocessing = 0;
		};
		A4DC9852278E18BC00F21DB8 /* Frameworks */ = {
			isa = PBXFrameworksBuildPhase;
			buildActionMask = 2147483647;
			files = (
			);
			runOnlyForDeploymentPostprocessing = 0;
		};
		A4DC985E278E18BC00F21DB8 /* Frameworks */ = {
			isa = PBXFrameworksBuildPhase;
			buildActionMask = 2147483647;
			files = (
			);
			runOnlyForDeploymentPostprocessing = 0;
		};
/* End PBXFrameworksBuildPhase section */

/* Begin PBXGroup section */
		A40B0D0F278F8C24003B4FBE /* view */ = {
			isa = PBXGroup;
			children = (
				A4DC9842278E18B900F21DB8 /* othello_view.swift */,
			);
			path = view;
			sourceTree = "<group>";
		};
		A40B0D10278F8C66003B4FBE /* game */ = {
			isa = PBXGroup;
			children = (
				A40B0D0C278E8966003B4FBE /* othello_game_mgmt.swift */,
			);
			path = game;
			sourceTree = "<group>";
		};
		A40B0D11278F8C9D003B4FBE /* ai */ = {
			isa = PBXGroup;
			children = (
				A40B0D12278F8CD9003B4FBE /* ai_agent.swift */,
				A4B154F82791487D0033A614 /* randy_agent.swift */,
				A4B154FB279149620033A614 /* minimax_agent.swift */,
			);
			path = ai;
			sourceTree = "<group>";
		};
		A4B154EF2790DCC40033A614 /* delegate */ = {
			isa = PBXGroup;
			children = (
				A4B154F02790DCDF0033A614 /* delegate.swift */,
			);
			path = delegate;
			sourceTree = "<group>";
		};
		A4B154F32790FE2F0033A614 /* iOS */ = {
			isa = PBXGroup;
			children = (
				A4B154F42790FE8F0033A614 /* othello_app.swift */,
			);
			path = iOS;
			sourceTree = "<group>";
		};
		A4DC983B278E18B900F21DB8 = {
			isa = PBXGroup;
			children = (
				A4B154F32790FE2F0033A614 /* iOS */,
				A4DC9840278E18B900F21DB8 /* Shared */,
				A4DC984F278E18BC00F21DB8 /* macOS */,
				A4DC9858278E18BC00F21DB8 /* Tests iOS */,
				A4DC9864278E18BC00F21DB8 /* Tests macOS */,
				A4DC9849278E18BC00F21DB8 /* Products */,
			);
			sourceTree = "<group>";
		};
		A4DC9840278E18B900F21DB8 /* Shared */ = {
			isa = PBXGroup;
			children = (
				A4B154EF2790DCC40033A614 /* delegate */,
				A40B0D11278F8C9D003B4FBE /* ai */,
				A40B0D10278F8C66003B4FBE /* game */,
				A40B0D0F278F8C24003B4FBE /* view */,
				A4DC9843278E18BC00F21DB8 /* Assets.xcassets */,
			);
			path = Shared;
			sourceTree = "<group>";
		};
		A4DC9849278E18BC00F21DB8 /* Products */ = {
			isa = PBXGroup;
			children = (
				A4DC9848278E18BC00F21DB8 /* othello.app */,
				A4DC984E278E18BC00F21DB8 /* othello.app */,
				A4DC9855278E18BC00F21DB8 /* Tests iOS.xctest */,
				A4DC9861278E18BC00F21DB8 /* Tests macOS.xctest */,
			);
			name = Products;
			sourceTree = "<group>";
		};
		A4DC984F278E18BC00F21DB8 /* macOS */ = {
			isa = PBXGroup;
			children = (
				A4DC9841278E18B900F21DB8 /* othello_app.swift */,
				A4DC9850278E18BC00F21DB8 /* macOS.entitlements */,
			);
			path = macOS;
			sourceTree = "<group>";
		};
		A4DC9858278E18BC00F21DB8 /* Tests iOS */ = {
			isa = PBXGroup;
			children = (
				A4DC9859278E18BC00F21DB8 /* Tests_iOS.swift */,
				A4DC985B278E18BC00F21DB8 /* Tests_iOSLaunchTests.swift */,
			);
			path = "Tests iOS";
			sourceTree = "<group>";
		};
		A4DC9864278E18BC00F21DB8 /* Tests macOS */ = {
			isa = PBXGroup;
			children = (
				A4DC9865278E18BC00F21DB8 /* Tests_macOS.swift */,
				A4DC9867278E18BC00F21DB8 /* Tests_macOSLaunchTests.swift */,
			);
			path = "Tests macOS";
			sourceTree = "<group>";
		};
/* End PBXGroup section */

/* Begin PBXNativeTarget section */
		A4DC9847278E18BC00F21DB8 /* othello (iOS) */ = {
			isa = PBXNativeTarget;
			buildConfigurationList = A4DC9871278E18BC00F21DB8 /* Build configuration list for PBXNativeTarget "othello (iOS)" */;
			buildPhases = (
				A4DC9844278E18BC00F21DB8 /* Sources */,
				A4DC9845278E18BC00F21DB8 /* Frameworks */,
				A4DC9846278E18BC00F21DB8 /* Resources */,
			);
			buildRules = (
			);
			dependencies = (
			);
			name = "othello (iOS)";
			productName = "othello (iOS)";
			productReference = A4DC9848278E18BC00F21DB8 /* othello.app */;
			productType = "com.apple.product-type.application";
		};
		A4DC984D278E18BC00F21DB8 /* othello (macOS) */ = {
			isa = PBXNativeTarget;
			buildConfigurationList = A4DC9874278E18BC00F21DB8 /* Build configuration list for PBXNativeTarget "othello (macOS)" */;
			buildPhases = (
				A4DC984A278E18BC00F21DB8 /* Sources */,
				A4DC984B278E18BC00F21DB8 /* Frameworks */,
				A4DC984C278E18BC00F21DB8 /* Resources */,
			);
			buildRules = (
			);
			dependencies = (
			);
			name = "othello (macOS)";
			productName = "othello (macOS)";
			productReference = A4DC984E278E18BC00F21DB8 /* othello.app */;
			productType = "com.apple.product-type.application";
		};
		A4DC9854278E18BC00F21DB8 /* Tests iOS */ = {
			isa = PBXNativeTarget;
			buildConfigurationList = A4DC9877278E18BC00F21DB8 /* Build configuration list for PBXNativeTarget "Tests iOS" */;
			buildPhases = (
				A4DC9851278E18BC00F21DB8 /* Sources */,
				A4DC9852278E18BC00F21DB8 /* Frameworks */,
				A4DC9853278E18BC00F21DB8 /* Resources */,
			);
			buildRules = (
			);
			dependencies = (
				A4DC9857278E18BC00F21DB8 /* PBXTargetDependency */,
			);
			name = "Tests iOS";
			productName = "Tests iOS";
			productReference = A4DC9855278E18BC00F21DB8 /* Tests iOS.xctest */;
			productType = "com.apple.product-type.bundle.ui-testing";
		};
		A4DC9860278E18BC00F21DB8 /* Tests macOS */ = {
			isa = PBXNativeTarget;
			buildConfigurationList = A4DC987A278E18BC00F21DB8 /* Build configuration list for PBXNativeTarget "Tests macOS" */;
			buildPhases = (
				A4DC985D278E18BC00F21DB8 /* Sources */,
				A4DC985E278E18BC00F21DB8 /* Frameworks */,
				A4DC985F278E18BC00F21DB8 /* Resources */,
			);
			buildRules = (
			);
			dependencies = (
				A4DC9863278E18BC00F21DB8 /* PBXTargetDependency */,
			);
			name = "Tests macOS";
			productName = "Tests macOS";
			productReference = A4DC9861278E18BC00F21DB8 /* Tests macOS.xctest */;
			productType = "com.apple.product-type.bundle.ui-testing";
		};
/* End PBXNativeTarget section */

/* Begin PBXProject section */
		A4DC983C278E18B900F21DB8 /* Project object */ = {
			isa = PBXProject;
			attributes = {
				BuildIndependentTargetsInParallel = 1;
				LastSwiftUpdateCheck = 1320;
				LastUpgradeCheck = 1320;
				TargetAttributes = {
					A4DC9847278E18BC00F21DB8 = {
						CreatedOnToolsVersion = 13.2.1;
					};
					A4DC984D278E18BC00F21DB8 = {
						CreatedOnToolsVersion = 13.2.1;
					};
					A4DC9854278E18BC00F21DB8 = {
						CreatedOnToolsVersion = 13.2.1;
						TestTargetID = A4DC9847278E18BC00F21DB8;
					};
					A4DC9860278E18BC00F21DB8 = {
						CreatedOnToolsVersion = 13.2.1;
						TestTargetID = A4DC984D278E18BC00F21DB8;
					};
				};
			};
			buildConfigurationList = A4DC983F278E18B900F21DB8 /* Build configuration list for PBXProject "othello" */;
			compatibilityVersion = "Xcode 13.0";
			developmentRegion = en;
			hasScannedForEncodings = 0;
			knownRegions = (
				en,
				Base,
			);
			mainGroup = A4DC983B278E18B900F21DB8;
			productRefGroup = A4DC9849278E18BC00F21DB8 /* Products */;
			projectDirPath = "";
			projectRoot = "";
			targets = (
				A4DC9847278E18BC00F21DB8 /* othello (iOS) */,
				A4DC984D278E18BC00F21DB8 /* othello (macOS) */,
				A4DC9854278E18BC00F21DB8 /* Tests iOS */,
				A4DC9860278E18BC00F21DB8 /* Tests macOS */,
			);
		};
/* End PBXProject section */

/* Begin PBXResourcesBuildPhase section */
		A4DC9846278E18BC00F21DB8 /* Resources */ = {
			isa = PBXResourcesBuildPhase;
			buildActionMask = 2147483647;
			files = (
				A4DC986D278E18BC00F21DB8 /* Assets.xcassets in Resources */,
			);
			runOnlyForDeploymentPostprocessing = 0;
		};
		A4DC984C278E18BC00F21DB8 /* Resources */ = {
			isa = PBXResourcesBuildPhase;
			buildActionMask = 2147483647;
			files = (
				A4DC986E278E18BC00F21DB8 /* Assets.xcassets in Resources */,
			);
			runOnlyForDeploymentPostprocessing = 0;
		};
		A4DC9853278E18BC00F21DB8 /* Resources */ = {
			isa = PBXResourcesBuildPhase;
			buildActionMask = 2147483647;
			files = (
			);
			runOnlyForDeploymentPostprocessing = 0;
		};
		A4DC985F278E18BC00F21DB8 /* Resources */ = {
			isa = PBXResourcesBuildPhase;
			buildActionMask = 2147483647;
			files = (
			);
			runOnlyForDeploymentPostprocessing = 0;
		};
/* End PBXResourcesBuildPhase section */

/* Begin PBXSourcesBuildPhase section */
		A4DC9844278E18BC00F21DB8 /* Sources */ = {
			isa = PBXSourcesBuildPhase;
			buildActionMask = 2147483647;
			files = (
				A4B154F52790FE8F0033A614 /* othello_app.swift in Sources */,
				A4DC986B278E18BC00F21DB8 /* othello_view.swift in Sources */,
				A40B0D13278F8CD9003B4FBE /* ai_agent.swift in Sources */,
				A4B154F92791487D0033A614 /* randy_agent.swift in Sources */,
				A40B0D0D278E8966003B4FBE /* othello_game_mgmt.swift in Sources */,
				A4B154FC279149620033A614 /* minimax_agent.swift in Sources */,
			);
			runOnlyForDeploymentPostprocessing = 0;
		};
		A4DC984A278E18BC00F21DB8 /* Sources */ = {
			isa = PBXSourcesBuildPhase;
			buildActionMask = 2147483647;
			files = (
				A4DC986C278E18BC00F21DB8 /* othello_view.swift in Sources */,
				A4B154F22790DCE40033A614 /* delegate.swift in Sources */,
				A4B154FA279149000033A614 /* randy_agent.swift in Sources */,
				A40B0D14278F8CD9003B4FBE /* ai_agent.swift in Sources */,
				A4DC986A278E18BC00F21DB8 /* othello_app.swift in Sources */,
				A4B154FD27914A110033A614 /* minimax_agent.swift in Sources */,
				A40B0D0E278E8966003B4FBE /* othello_game_mgmt.swift in Sources */,
			);
			runOnlyForDeploymentPostprocessing = 0;
		};
		A4DC9851278E18BC00F21DB8 /* Sources */ = {
			isa = PBXSourcesBuildPhase;
			buildActionMask = 2147483647;
			files = (
				A4DC985C278E18BC00F21DB8 /* Tests_iOSLaunchTests.swift in Sources */,
				A4DC985A278E18BC00F21DB8 /* Tests_iOS.swift in Sources */,
			);
			runOnlyForDeploymentPostprocessing = 0;
		};
		A4DC985D278E18BC00F21DB8 /* Sources */ = {
			isa = PBXSourcesBuildPhase;
			buildActionMask = 2147483647;
			files = (
				A4DC9868278E18BC00F21DB8 /* Tests_macOSLaunchTests.swift in Sources */,
				A4DC9866278E18BC00F21DB8 /* Tests_macOS.swift in Sources */,
			);
			runOnlyForDeploymentPostprocessing = 0;
		};
/* End PBXSourcesBuildPhase section */

/* Begin PBXTargetDependency section */
		A4DC9857278E18BC00F21DB8 /* PBXTargetDependency */ = {
			isa = PBXTargetDependency;
			target = A4DC9847278E18BC00F21DB8 /* othello (iOS) */;
			targetProxy = A4DC9856278E18BC00F21DB8 /* PBXContainerItemProxy */;
		};
		A4DC9863278E18BC00F21DB8 /* PBXTargetDependency */ = {
			isa = PBXTargetDependency;
			target = A4DC984D278E18BC00F21DB8 /* othello (macOS) */;
			targetProxy = A4DC9862278E18BC00F21DB8 /* PBXContainerItemProxy */;
		};
/* End PBXTargetDependency section */

/* Begin XCBuildConfiguration section */
		A4DC986F278E18BC00F21DB8 /* Debug */ = {
			isa = XCBuildConfiguration;
			buildSettings = {
				ALWAYS_SEARCH_USER_PATHS = NO;
				CLANG_ANALYZER_NONNULL = YES;
				CLANG_ANALYZER_NUMBER_OBJECT_CONVERSION = YES_AGGRESSIVE;
				CLANG_CXX_LANGUAGE_STANDARD = "gnu++17";
				CLANG_CXX_LIBRARY = "libc++";
				CLANG_ENABLE_MODULES = YES;
				CLANG_ENABLE_OBJC_ARC = YES;
				CLANG_ENABLE_OBJC_WEAK = YES;
				CLANG_WARN_BLOCK_CAPTURE_AUTORELEASING = YES;
				CLANG_WARN_BOOL_CONVERSION = YES;
				CLANG_WARN_COMMA = YES;
				CLANG_WARN_CONSTANT_CONVERSION = YES;
				CLANG_WARN_DEPRECATED_OBJC_IMPLEMENTATIONS = YES;
				CLANG_WARN_DIRECT_OBJC_ISA_USAGE = YES_ERROR;
				CLANG_WARN_DOCUMENTATION_COMMENTS = YES;
				CLANG_WARN_EMPTY_BODY = YES;
				CLANG_WARN_ENUM_CONVERSION = YES;
				CLANG_WARN_INFINITE_RECURSION = YES;
				CLANG_WARN_INT_CONVERSION = YES;
				CLANG_WARN_NON_LITERAL_NULL_CONVERSION = YES;
				CLANG_WARN_OBJC_IMPLICIT_RETAIN_SELF = YES;
				CLANG_WARN_OBJC_LITERAL_CONVERSION = YES;
				CLANG_WARN_OBJC_ROOT_CLASS = YES_ERROR;
				CLANG_WARN_QUOTED_INCLUDE_IN_FRAMEWORK_HEADER = YES;
				CLANG_WARN_RANGE_LOOP_ANALYSIS = YES;
				CLANG_WARN_STRICT_PROTOTYPES = YES;
				CLANG_WARN_SUSPICIOUS_MOVE = YES;
				CLANG_WARN_UNGUARDED_AVAILABILITY = YES_AGGRESSIVE;
				CLANG_WARN_UNREACHABLE_CODE = YES;
				CLANG_WARN__DUPLICATE_METHOD_MATCH = YES;
				COPY_PHASE_STRIP = NO;
				DEBUG_INFORMATION_FORMAT = dwarf;
				ENABLE_STRICT_OBJC_MSGSEND = YES;
				ENABLE_TESTABILITY = YES;
				GCC_C_LANGUAGE_STANDARD = gnu11;
				GCC_DYNAMIC_NO_PIC = NO;
				GCC_NO_COMMON_BLOCKS = YES;
				GCC_OPTIMIZATION_LEVEL = 0;
				GCC_PREPROCESSOR_DEFINITIONS = (
					"DEBUG=1",
					"$(inherited)",
				);
				GCC_WARN_64_TO_32_BIT_CONVERSION = YES;
				GCC_WARN_ABOUT_RETURN_TYPE = YES_ERROR;
				GCC_WARN_UNDECLARED_SELECTOR = YES;
				GCC_WARN_UNINITIALIZED_AUTOS = YES_AGGRESSIVE;
				GCC_WARN_UNUSED_FUNCTION = YES;
				GCC_WARN_UNUSED_VARIABLE = YES;
				MTL_ENABLE_DEBUG_INFO = INCLUDE_SOURCE;
				MTL_FAST_MATH = YES;
				ONLY_ACTIVE_ARCH = YES;
				SWIFT_ACTIVE_COMPILATION_CONDITIONS = DEBUG;
				SWIFT_OPTIMIZATION_LEVEL = "-Onone";
			};
			name = Debug;
		};
		A4DC9870278E18BC00F21DB8 /* Release */ = {
			isa = XCBuildConfiguration;
			buildSettings = {
				ALWAYS_SEARCH_USER_PATHS = NO;
				CLANG_ANALYZER_NONNULL = YES;
				CLANG_ANALYZER_NUMBER_OBJECT_CONVERSION = YES_AGGRESSIVE;
				CLANG_CXX_LANGUAGE_STANDARD = "gnu++17";
				CLANG_CXX_LIBRARY = "libc++";
				CLANG_ENABLE_MODULES = YES;
				CLANG_ENABLE_OBJC_ARC = YES;
				CLANG_ENABLE_OBJC_WEAK = YES;
				CLANG_WARN_BLOCK_CAPTURE_AUTORELEASING = YES;
				CLANG_WARN_BOOL_CONVERSION = YES;
				CLANG_WARN_COMMA = YES;
				CLANG_WARN_CONSTANT_CONVERSION = YES;
				CLANG_WARN_DEPRECATED_OBJC_IMPLEMENTATIONS = YES;
				CLANG_WARN_DIRECT_OBJC_ISA_USAGE = YES_ERROR;
				CLANG_WARN_DOCUMENTATION_COMMENTS = YES;
				CLANG_WARN_EMPTY_BODY = YES;
				CLANG_WARN_ENUM_CONVERSION = YES;
				CLANG_WARN_INFINITE_RECURSION = YES;
				CLANG_WARN_INT_CONVERSION = YES;
				CLANG_WARN_NON_LITERAL_NULL_CONVERSION = YES;
				CLANG_WARN_OBJC_IMPLICIT_RETAIN_SELF = YES;
				CLANG_WARN_OBJC_LITERAL_CONVERSION = YES;
				CLANG_WARN_OBJC_ROOT_CLASS = YES_ERROR;
				CLANG_WARN_QUOTED_INCLUDE_IN_FRAMEWORK_HEADER = YES;
				CLANG_WARN_RANGE_LOOP_ANALYSIS = YES;
				CLANG_WARN_STRICT_PROTOTYPES = YES;
				CLANG_WARN_SUSPICIOUS_MOVE = YES;
				CLANG_WARN_UNGUARDED_AVAILABILITY = YES_AGGRESSIVE;
				CLANG_WARN_UNREACHABLE_CODE = YES;
				CLANG_WARN__DUPLICATE_METHOD_MATCH = YES;
				COPY_PHASE_STRIP = NO;
				DEBUG_INFORMATION_FORMAT = "dwarf-with-dsym";
				ENABLE_NS_ASSERTIONS = NO;
				ENABLE_STRICT_OBJC_MSGSEND = YES;
				GCC_C_LANGUAGE_STANDARD = gnu11;
				GCC_NO_COMMON_BLOCKS = YES;
				GCC_WARN_64_TO_32_BIT_CONVERSION = YES;
				GCC_WARN_ABOUT_RETURN_TYPE = YES_ERROR;
				GCC_WARN_UNDECLARED_SELECTOR = YES;
				GCC_WARN_UNINITIALIZED_AUTOS = YES_AGGRESSIVE;
				GCC_WARN_UNUSED_FUNCTION = YES;
				GCC_WARN_UNUSED_VARIABLE = YES;
				MTL_ENABLE_DEBUG_INFO = NO;
				MTL_FAST_MATH = YES;
				SWIFT_COMPILATION_MODE = wholemodule;
				SWIFT_OPTIMIZATION_LEVEL = "-O";
			};
			name = Release;
		};
		A4DC9872278E18BC00F21DB8 /* Debug */ = {
			isa = XCBuildConfiguration;
			buildSettings = {
				ASSETCATALOG_COMPILER_APPICON_NAME = AppIcon;
				ASSETCATALOG_COMPILER_GLOBAL_ACCENT_COLOR_NAME = AccentColor;
				CODE_SIGN_STYLE = Automatic;
				CURRENT_PROJECT_VERSION = 1;
				DEVELOPMENT_TEAM = 9UYS32M248;
				ENABLE_PREVIEWS = YES;
				GENERATE_INFOPLIST_FILE = YES;
				INFOPLIST_KEY_UIApplicationSceneManifest_Generation = YES;
				INFOPLIST_KEY_UIApplicationSupportsIndirectInputEvents = YES;
				INFOPLIST_KEY_UILaunchScreen_Generation = YES;
				INFOPLIST_KEY_UISupportedInterfaceOrientations_iPad = "UIInterfaceOrientationPortrait UIInterfaceOrientationPortraitUpsideDown UIInterfaceOrientationLandscapeLeft UIInterfaceOrientationLandscapeRight";
				INFOPLIST_KEY_UISupportedInterfaceOrientations_iPhone = "UIInterfaceOrientationPortrait UIInterfaceOrientationLandscapeLeft UIInterfaceOrientationLandscapeRight";
				IPHONEOS_DEPLOYMENT_TARGET = 15.2;
				LD_RUNPATH_SEARCH_PATHS = (
					"$(inherited)",
					"@executable_path/Frameworks",
				);
				MARKETING_VERSION = 1.0;
				PRODUCT_BUNDLE_IDENTIFIER = com.wzhao.othello;
				PRODUCT_NAME = othello;
				SDKROOT = iphoneos;
				SWIFT_EMIT_LOC_STRINGS = YES;
				SWIFT_VERSION = 5.0;
				TARGETED_DEVICE_FAMILY = "1,2";
			};
			name = Debug;
		};
		A4DC9873278E18BC00F21DB8 /* Release */ = {
			isa = XCBuildConfiguration;
			buildSettings = {
				ASSETCATALOG_COMPILER_APPICON_NAME = AppIcon;
				ASSETCATALOG_COMPILER_GLOBAL_ACCENT_COLOR_NAME = AccentColor;
				CODE_SIGN_STYLE = Automatic;
				CURRENT_PROJECT_VERSION = 1;
				DEVELOPMENT_TEAM = 9UYS32M248;
				ENABLE_PREVIEWS = YES;
				GENERATE_INFOPLIST_FILE = YES;
				INFOPLIST_KEY_UIApplicationSceneManifest_Generation = YES;
				INFOPLIST_KEY_UIApplicationSupportsIndirectInputEvents = YES;
				INFOPLIST_KEY_UILaunchScreen_Generation = YES;
				INFOPLIST_KEY_UISupportedInterfaceOrientations_iPad = "UIInterfaceOrientationPortrait UIInterfaceOrientationPortraitUpsideDown UIInterfaceOrientationLandscapeLeft UIInterfaceOrientationLandscapeRight";
				INFOPLIST_KEY_UISupportedInterfaceOrientations_iPhone = "UIInterfaceOrientationPortrait UIInterfaceOrientationLandscapeLeft UIInterfaceOrientationLandscapeRight";
				IPHONEOS_DEPLOYMENT_TARGET = 15.2;
				LD_RUNPATH_SEARCH_PATHS = (
					"$(inherited)",
					"@executable_path/Frameworks",
				);
				MARKETING_VERSION = 1.0;
				PRODUCT_BUNDLE_IDENTIFIER = com.wzhao.othello;
				PRODUCT_NAME = othello;
				SDKROOT = iphoneos;
				SWIFT_EMIT_LOC_STRINGS = YES;
				SWIFT_VERSION = 5.0;
				TARGETED_DEVICE_FAMILY = "1,2";
				VALIDATE_PRODUCT = YES;
			};
			name = Release;
		};
		A4DC9875278E18BC00F21DB8 /* Debug */ = {
			isa = XCBuildConfiguration;
			buildSettings = {
				ASSETCATALOG_COMPILER_APPICON_NAME = AppIcon;
				ASSETCATALOG_COMPILER_GLOBAL_ACCENT_COLOR_NAME = AccentColor;
				ASSETCATALOG_COMPILER_INCLUDE_ALL_APPICON_ASSETS = NO;
				CODE_SIGN_ENTITLEMENTS = macOS/macOS.entitlements;
				CODE_SIGN_STYLE = Automatic;
				COMBINE_HIDPI_IMAGES = YES;
				CURRENT_PROJECT_VERSION = 1;
				DEVELOPMENT_TEAM = 9UYS32M248;
				ENABLE_HARDENED_RUNTIME = YES;
				ENABLE_PREVIEWS = YES;
				GENERATE_INFOPLIST_FILE = YES;
				INFOPLIST_KEY_LSApplicationCategoryType = "public.app-category.board-games";
				INFOPLIST_KEY_NSHumanReadableCopyright = "";
				LD_RUNPATH_SEARCH_PATHS = (
					"$(inherited)",
					"@executable_path/../Frameworks",
				);
				MACOSX_DEPLOYMENT_TARGET = 11.3;
				MARKETING_VERSION = 1.0;
				PRODUCT_BUNDLE_IDENTIFIER = com.wzhao.othello;
				PRODUCT_NAME = othello;
				SDKROOT = macosx;
				SWIFT_EMIT_LOC_STRINGS = YES;
				SWIFT_VERSION = 5.0;
			};
			name = Debug;
		};
		A4DC9876278E18BC00F21DB8 /* Release */ = {
			isa = XCBuildConfiguration;
			buildSettings = {
				ASSETCATALOG_COMPILER_APPICON_NAME = AppIcon;
				ASSETCATALOG_COMPILER_GLOBAL_ACCENT_COLOR_NAME = AccentColor;
				ASSETCATALOG_COMPILER_INCLUDE_ALL_APPICON_ASSETS = NO;
				CODE_SIGN_ENTITLEMENTS = macOS/macOS.entitlements;
				CODE_SIGN_STYLE = Automatic;
				COMBINE_HIDPI_IMAGES = YES;
				CURRENT_PROJECT_VERSION = 1;
				DEVELOPMENT_TEAM = 9UYS32M248;
				ENABLE_HARDENED_RUNTIME = YES;
				ENABLE_PREVIEWS = YES;
				GENERATE_INFOPLIST_FILE = YES;
				INFOPLIST_KEY_LSApplicationCategoryType = "public.app-category.board-games";
				INFOPLIST_KEY_NSHumanReadableCopyright = "";
				LD_RUNPATH_SEARCH_PATHS = (
					"$(inherited)",
					"@executable_path/../Frameworks",
				);
				MACOSX_DEPLOYMENT_TARGET = 11.3;
				MARKETING_VERSION = 1.0;
				PRODUCT_BUNDLE_IDENTIFIER = com.wzhao.othello;
				PRODUCT_NAME = othello;
				SDKROOT = macosx;
				SWIFT_EMIT_LOC_STRINGS = YES;
				SWIFT_VERSION = 5.0;
			};
			name = Release;
		};
		A4DC9878278E18BC00F21DB8 /* Debug */ = {
			isa = XCBuildConfiguration;
			buildSettings = {
				ALWAYS_EMBED_SWIFT_STANDARD_LIBRARIES = YES;
				CODE_SIGN_STYLE = Automatic;
				CURRENT_PROJECT_VERSION = 1;
				DEVELOPMENT_TEAM = 9UYS32M248;
				GENERATE_INFOPLIST_FILE = YES;
				IPHONEOS_DEPLOYMENT_TARGET = 15.2;
				MARKETING_VERSION = 1.0;
				PRODUCT_BUNDLE_IDENTIFIER = "com.wzhao.Tests-iOS";
				PRODUCT_NAME = "$(TARGET_NAME)";
				SDKROOT = iphoneos;
				SWIFT_EMIT_LOC_STRINGS = NO;
				SWIFT_VERSION = 5.0;
				TARGETED_DEVICE_FAMILY = "1,2";
				TEST_TARGET_NAME = "othello (iOS)";
			};
			name = Debug;
		};
		A4DC9879278E18BC00F21DB8 /* Release */ = {
			isa = XCBuildConfiguration;
			buildSettings = {
				ALWAYS_EMBED_SWIFT_STANDARD_LIBRARIES = YES;
				CODE_SIGN_STYLE = Automatic;
				CURRENT_PROJECT_VERSION = 1;
				DEVELOPMENT_TEAM = 9UYS32M248;
				GENERATE_INFOPLIST_FILE = YES;
				IPHONEOS_DEPLOYMENT_TARGET = 15.2;
				MARKETING_VERSION = 1.0;
				PRODUCT_BUNDLE_IDENTIFIER = "com.wzhao.Tests-iOS";
				PRODUCT_NAME = "$(TARGET_NAME)";
				SDKROOT = iphoneos;
				SWIFT_EMIT_LOC_STRINGS = NO;
				SWIFT_VERSION = 5.0;
				TARGETED_DEVICE_FAMILY = "1,2";
				TEST_TARGET_NAME = "othello (iOS)";
				VALIDATE_PRODUCT = YES;
			};
			name = Release;
		};
		A4DC987B278E18BC00F21DB8 /* Debug */ = {
			isa = XCBuildConfiguration;
			buildSettings = {
				ALWAYS_EMBED_SWIFT_STANDARD_LIBRARIES = YES;
				CODE_SIGN_STYLE = Automatic;
				CURRENT_PROJECT_VERSION = 1;
				DEVELOPMENT_TEAM = 9UYS32M248;
				GENERATE_INFOPLIST_FILE = YES;
				MACOSX_DEPLOYMENT_TARGET = 11.3;
				MARKETING_VERSION = 1.0;
				PRODUCT_BUNDLE_IDENTIFIER = "com.wzhao.Tests-macOS";
				PRODUCT_NAME = "$(TARGET_NAME)";
				SDKROOT = macosx;
				SWIFT_EMIT_LOC_STRINGS = NO;
				SWIFT_VERSION = 5.0;
				TEST_TARGET_NAME = "othello (macOS)";
			};
			name = Debug;
		};
		A4DC987C278E18BC00F21DB8 /* Release */ = {
			isa = XCBuildConfiguration;
			buildSettings = {
				ALWAYS_EMBED_SWIFT_STANDARD_LIBRARIES = YES;
				CODE_SIGN_STYLE = Automatic;
				CURRENT_PROJECT_VERSION = 1;
				DEVELOPMENT_TEAM = 9UYS32M248;
				GENERATE_INFOPLIST_FILE = YES;
				MACOSX_DEPLOYMENT_TARGET = 11.3;
				MARKETING_VERSION = 1.0;
				PRODUCT_BUNDLE_IDENTIFIER = "com.wzhao.Tests-macOS";
				PRODUCT_NAME = "$(TARGET_NAME)";
				SDKROOT = macosx;
				SWIFT_EMIT_LOC_STRINGS = NO;
				SWIFT_VERSION = 5.0;
				TEST_TARGET_NAME = "othello (macOS)";
			};
			name = Release;
		};
/* End XCBuildConfiguration section */

/* Begin XCConfigurationList section */
		A4DC983F278E18B900F21DB8 /* Build configuration list for PBXProject "othello" */ = {
			isa = XCConfigurationList;
			buildConfigurations = (
				A4DC986F278E18BC00F21DB8 /* Debug */,
				A4DC9870278E18BC00F21DB8 /* Release */,
			);
			defaultConfigurationIsVisible = 0;
			defaultConfigurationName = Release;
		};
		A4DC9871278E18BC00F21DB8 /* Build configuration list for PBXNativeTarget "othello (iOS)" */ = {
			isa = XCConfigurationList;
			buildConfigurations = (
				A4DC9872278E18BC00F21DB8 /* Debug */,
				A4DC9873278E18BC00F21DB8 /* Release */,
			);
			defaultConfigurationIsVisible = 0;
			defaultConfigurationName = Release;
		};
		A4DC9874278E18BC00F21DB8 /* Build configuration list for PBXNativeTarget "othello (macOS)" */ = {
			isa = XCConfigurationList;
			buildConfigurations = (
				A4DC9875278E18BC00F21DB8 /* Debug */,
				A4DC9876278E18BC00F21DB8 /* Release */,
			);
			defaultConfigurationIsVisible = 0;
			defaultConfigurationName = Release;
		};
		A4DC9877278E18BC00F21DB8 /* Build configuration list for PBXNativeTarget "Tests iOS" */ = {
			isa = XCConfigurationList;
			buildConfigurations = (
				A4DC9878278E18BC00F21DB8 /* Debug */,
				A4DC9879278E18BC00F21DB8 /* Release */,
			);
			defaultConfigurationIsVisible = 0;
			defaultConfigurationName = Release;
		};
		A4DC987A278E18BC00F21DB8 /* Build configuration list for PBXNativeTarget "Tests macOS" */ = {
			isa = XCConfigurationList;
			buildConfigurations = (
				A4DC987B278E18BC00F21DB8 /* Debug */,
				A4DC987C278E18BC00F21DB8 /* Release */,
			);
			defaultConfigurationIsVisible = 0;
			defaultConfigurationName = Release;
		};
/* End XCConfigurationList section */
	};
	rootObject = A4DC983C278E18B900F21DB8 /* Project object */;
}
